
Microsoft Visual Studio Solution File, Format Version 12.00
# Visual Studio Version 16
VisualStudioVersion = 16.0.33529.622
MinimumVisualStudioVersion = 10.0.40219.1
Project("{FAE04EC0-301F-11D3-BF4B-00C04F79EFBC}") = "Origin_API", "Origin_API\Origin_API.csproj", "{A014F29A-DB9F-4C03-A268-7C662A2735A6}"
EndProject
Global
	GlobalSection(SolutionConfigurationPlatforms) = preSolution
		Debug|Any CPU = Debug|Any CPU
		Release|Any CPU = Release|Any CPU
	EndGlobalSection
	GlobalSection(ProjectConfigurationPlatforms) = postSolution
		{A014F29A-DB9F-4C03-A268-7C662A2735A6}.Debug|Any CPU.ActiveCfg = Debug|Any CPU
		{A014F29A-DB9F-4C03-A268-7C662A2735A6}.Debug|Any CPU.Build.0 = Debug|Any CPU
		{A014F29A-DB9F-4C03-A268-7C662A2735A6}.Release|Any CPU.ActiveCfg = Release|Any CPU
		{A014F29A-DB9F-4C03-A268-7C662A2735A6}.Release|Any CPU.Build.0 = Release|Any CPU
	EndGlobalSection
	GlobalSection(SolutionProperties) = preSolution
		HideSolutionNode = FALSE
	EndGlobalSection
	GlobalSection(ExtensibilityGlobals) = postSolution
		SolutionGuid = {319AB444-BE30-4F4A-8B55-802203F0A5AE}
	EndGlobalSection
EndGlobal
